
Microsoft Visual Studio Solution File, Format Version 12.00
# Visual Studio 15
VisualStudioVersion = 15.0.28307.757
MinimumVisualStudioVersion = 10.0.40219.1
Project("{FAE04EC0-301F-11D3-BF4B-00C04F79EFBC}") = "ContainerInstaller", "ContainerInstaller\ContainerInstaller.csproj", "{2BF0012D-A48F-4922-9A7A-C6051A3AA768}"
EndProject
Project("{54435603-DBB4-11D2-8724-00A0C9A8B90C}") = "Setup", "Setup\Setup.vdproj", "{0BF4CDBD-F408-48C5-B048-F0B72064F26E}"
EndProject
Global
	GlobalSection(SolutionConfigurationPlatforms) = preSolution
		Debug|Any CPU = Debug|Any CPU
		Release|Any CPU = Release|Any CPU
	EndGlobalSection
	GlobalSection(ProjectConfigurationPlatforms) = postSolution
		{2BF0012D-A48F-4922-9A7A-C6051A3AA768}.Debug|Any CPU.ActiveCfg = Release|Any CPU
		{2BF0012D-A48F-4922-9A7A-C6051A3AA768}.Debug|Any CPU.Build.0 = Release|Any CPU
		{2BF0012D-A48F-4922-9A7A-C6051A3AA768}.Release|Any CPU.ActiveCfg = Release|Any CPU
		{2BF0012D-A48F-4922-9A7A-C6051A3AA768}.Release|Any CPU.Build.0 = Release|Any CPU
		{0BF4CDBD-F408-48C5-B048-F0B72064F26E}.Debug|Any CPU.ActiveCfg = Debug
		{0BF4CDBD-F408-48C5-B048-F0B72064F26E}.Release|Any CPU.ActiveCfg = Release
	EndGlobalSection
	GlobalSection(SolutionProperties) = preSolution
		HideSolutionNode = FALSE
	EndGlobalSection
	GlobalSection(ExtensibilityGlobals) = postSolution
		SolutionGuid = {DC2D0ABB-B883-4136-8079-7F62AE44636E}
	EndGlobalSection
EndGlobal
