
Microsoft Visual Studio Solution File, Format Version 12.00
# Visual Studio Version 16
VisualStudioVersion = 16.0.29613.14
MinimumVisualStudioVersion = 10.0.40219.1
Project("{FAE04EC0-301F-11D3-BF4B-00C04F79EFBC}") = "ContainerInstaller", "ContainerInstaller\ContainerInstaller.csproj", "{2BF0012D-A48F-4922-9A7A-C6051A3AA768}"
EndProject
Global
	GlobalSection(SolutionConfigurationPlatforms) = preSolution
		Debug|Any CPU = Debug|Any CPU
		Release|Any CPU = Release|Any CPU
	EndGlobalSection
	GlobalSection(ProjectConfigurationPlatforms) = postSolution
		{2BF0012D-A48F-4922-9A7A-C6051A3AA768}.Debug|Any CPU.ActiveCfg = Debug|Any CPU
		{2BF0012D-A48F-4922-9A7A-C6051A3AA768}.Debug|Any CPU.Build.0 = Debug|Any CPU
		{2BF0012D-A48F-4922-9A7A-C6051A3AA768}.Release|Any CPU.ActiveCfg = Release|Any CPU
		{2BF0012D-A48F-4922-9A7A-C6051A3AA768}.Release|Any CPU.Build.0 = Release|Any CPU
	EndGlobalSection
	GlobalSection(SolutionProperties) = preSolution
		HideSolutionNode = FALSE
	EndGlobalSection
	GlobalSection(ExtensibilityGlobals) = postSolution
		SolutionGuid = {DC2D0ABB-B883-4136-8079-7F62AE44636E}
	EndGlobalSection
EndGlobal
